// !$*UTF8*$!
{
	archiveVersion = 1;
	classes = {
	};
	objectVersion = 56;
	objects = {

/* Begin PBXBuildFile section */
		A1 /* iPhoneInfoApp.swift in Sources */ = {isa = PBXBuildFile; fileRef = A2 /* iPhoneInfoApp.swift */; };
		A11 /* BenchmarkView.swift in Sources */ = {isa = PBXBuildFile; fileRef = A12 /* BenchmarkView.swift */; };
		A13 /* MonitorView.swift in Sources */ = {isa = PBXBuildFile; fileRef = A14 /* MonitorView.swift */; };
		A15 /* CompareView.swift in Sources */ = {isa = PBXBuildFile; fileRef = A16 /* CompareView.swift */; };
		A17 /* SettingsView.swift in Sources */ = {isa = PBXBuildFile; fileRef = A18 /* SettingsView.swift */; };
		A3 /* ContentView.swift in Sources */ = {isa = PBXBuildFile; fileRef = A4 /* ContentView.swift */; };
		A5 /* DeviceModels.swift in Sources */ = {isa = PBXBuildFile; fileRef = A6 /* DeviceModels.swift */; };
		A7 /* DeviceInfoService.swift in Sources */ = {isa = PBXBuildFile; fileRef = A8 /* DeviceInfoService.swift */; };
		A9 /* HomeView.swift in Sources */ = {isa = PBXBuildFile; fileRef = A10 /* HomeView.swift */; };
		A50 /* ExtendedDeviceInfo.swift in Sources */ = {isa = PBXBuildFile; fileRef = A48 /* ExtendedDeviceInfo.swift */; };
		A51 /* ExtendedDeviceDetailsService.swift in Sources */ = {isa = PBXBuildFile; fileRef = A49 /* ExtendedDeviceDetailsService.swift */; };
		A60 /* ThermalService.swift in Sources */ = {isa = PBXBuildFile; fileRef = A54 /* ThermalService.swift */; };
		A61 /* PerformanceModeService.swift in Sources */ = {isa = PBXBuildFile; fileRef = A55 /* PerformanceModeService.swift */; };
		A62 /* DeviceDebugView.swift in Sources */ = {isa = PBXBuildFile; fileRef = A56 /* DeviceDebugView.swift */; };
		A63 /* BenchmarkService.swift in Sources */ = {isa = PBXBuildFile; fileRef = A58 /* BenchmarkService.swift */; };
		A70 /* Assets.xcassets in Resources */ = {isa = PBXBuildFile; fileRef = A57 /* Assets.xcassets */; };
/* End PBXBuildFile section */

/* Begin PBXFileReference section */
		A10 /* HomeView.swift */ = {isa = PBXFileReference; lastKnownFileType = sourcecode.swift; path = HomeView.swift; sourceTree = "<group>"; };
		A12 /* BenchmarkView.swift */ = {isa = PBXFileReference; lastKnownFileType = sourcecode.swift; path = BenchmarkView.swift; sourceTree = "<group>"; };
		A14 /* MonitorView.swift */ = {isa = PBXFileReference; lastKnownFileType = sourcecode.swift; path = MonitorView.swift; sourceTree = "<group>"; };
		A16 /* CompareView.swift */ = {isa = PBXFileReference; lastKnownFileType = sourcecode.swift; path = CompareView.swift; sourceTree = "<group>"; };
		A18 /* SettingsView.swift */ = {isa = PBXFileReference; lastKnownFileType = sourcecode.swift; path = SettingsView.swift; sourceTree = "<group>"; };
		A2 /* iPhoneInfoApp.swift */ = {isa = PBXFileReference; lastKnownFileType = sourcecode.swift; path = iPhoneInfoApp.swift; sourceTree = "<group>"; };
		A20 /* iPhoneInfo.app */ = {isa = PBXFileReference; explicitFileType = wrapper.application; includeInIndex = 0; path = iPhoneInfo.app; sourceTree = BUILT_PRODUCTS_DIR; };
		A21 /* Info.plist */ = {isa = PBXFileReference; lastKnownFileType = text.plist.xml; path = Info.plist; sourceTree = "<group>"; };
		A4 /* ContentView.swift */ = {isa = PBXFileReference; lastKnownFileType = sourcecode.swift; path = ContentView.swift; sourceTree = "<group>"; };
		A6 /* DeviceModels.swift */ = {isa = PBXFileReference; lastKnownFileType = sourcecode.swift; path = DeviceModels.swift; sourceTree = "<group>"; };
		A8 /* DeviceInfoService.swift */ = {isa = PBXFileReference; lastKnownFileType = sourcecode.swift; path = DeviceInfoService.swift; sourceTree = "<group>"; };
		A48 /* ExtendedDeviceInfo.swift */ = {isa = PBXFileReference; lastKnownFileType = sourcecode.swift; path = ExtendedDeviceInfo.swift; sourceTree = "<group>"; };
		A49 /* ExtendedDeviceDetailsService.swift */ = {isa = PBXFileReference; lastKnownFileType = sourcecode.swift; path = ExtendedDeviceDetailsService.swift; sourceTree = "<group>"; };
		A54 /* ThermalService.swift */ = {isa = PBXFileReference; lastKnownFileType = sourcecode.swift; path = ThermalService.swift; sourceTree = "<group>"; };
		A55 /* PerformanceModeService.swift */ = {isa = PBXFileReference; lastKnownFileType = sourcecode.swift; path = PerformanceModeService.swift; sourceTree = "<group>"; };
		A56 /* DeviceDebugView.swift */ = {isa = PBXFileReference; lastKnownFileType = sourcecode.swift; path = DeviceDebugView.swift; sourceTree = "<group>"; };
		A57 /* Assets.xcassets */ = {isa = PBXFileReference; lastKnownFileType = folder.assetcatalog; path = Assets.xcassets; sourceTree = "<group>"; };
		A58 /* BenchmarkService.swift */ = {isa = PBXFileReference; lastKnownFileType = sourcecode.swift; path = BenchmarkService.swift; sourceTree = "<group>"; };
/* End PBXFileReference section */

/* Begin PBXFrameworksBuildPhase section */
		A22 /* Frameworks */ = {
			isa = PBXFrameworksBuildPhase;
			buildActionMask = 2147483647;
			files = (
			);
			runOnlyForDeploymentPostprocessing = 0;
		};
/* End PBXFrameworksBuildPhase section */

/* Begin PBXGroup section */
		A23 = {
			isa = PBXGroup;
			children = (
				A24 /* iPhoneInfo */,
				A25 /* Products */,
			);
			sourceTree = "<group>";
		};
		A24 /* iPhoneInfo */ = {
			isa = PBXGroup;
			children = (
				A21 /* Info.plist */,
				A57 /* Assets.xcassets */,
				A26 /* App */,
				A27 /* Models */,
				A28 /* Services */,
				A29 /* Views */,
			);
			path = iPhoneInfo;
			sourceTree = "<group>";
		};
		A25 /* Products */ = {
			isa = PBXGroup;
			children = (
				A20 /* iPhoneInfo.app */,
			);
			name = Products;
			sourceTree = "<group>";
		};
		A26 /* App */ = {
			isa = PBXGroup;
			children = (
				A2 /* iPhoneInfoApp.swift */,
				A4 /* ContentView.swift */,
			);
			path = App;
			sourceTree = "<group>";
		};
		A27 /* Models */ = {
			isa = PBXGroup;
			children = (
				A48 /* ExtendedDeviceInfo.swift */,
				A6 /* DeviceModels.swift */,
			);
			path = Models;
			sourceTree = "<group>";
		};
		A28 /* Services */ = {
			isa = PBXGroup;
			children = (
				A8 /* DeviceInfoService.swift */,
				A49 /* ExtendedDeviceDetailsService.swift */,
				A54 /* ThermalService.swift */,
				A55 /* PerformanceModeService.swift */,
				A58 /* BenchmarkService.swift */,
			);
			path = Services;
			sourceTree = "<group>";
		};
		A29 /* Views */ = {
			isa = PBXGroup;
			children = (
				A10 /* HomeView.swift */,
				A12 /* BenchmarkView.swift */,
				A14 /* MonitorView.swift */,
				A16 /* CompareView.swift */,
				A18 /* SettingsView.swift */,
				A56 /* DeviceDebugView.swift */,
			);
			path = Views;
			sourceTree = "<group>";
		};
/* End PBXGroup section */

/* Begin PBXNativeTarget section */
		A30 /* iPhoneInfo */ = {
			isa = PBXNativeTarget;
			buildConfigurationList = A31 /* Build configuration list for PBXNativeTarget "iPhoneInfo" */;
			buildPhases = (
				A32 /* Sources */,
				A22 /* Frameworks */,
				A33 /* Resources */,
			);
			buildRules = (
			);
			dependencies = (
			);
			name = iPhoneInfo;
			productName = iPhoneInfo;
			productReference = A20 /* iPhoneInfo.app */;
			productType = "com.apple.product-type.application";
		};
/* End PBXNativeTarget section */

/* Begin PBXProject section */
		A34 /* Project object */ = {
			isa = PBXProject;
			attributes = {
				BuildIndependentTargetsInParallel = 1;
				LastSwiftUpdateCheck = 1500;
				LastUpgradeCheck = 1500;
				TargetAttributes = {
					A30 = {
						CreatedOnToolsVersion = 15.0;
						SystemCapabilities = {
							com.apple.Accessibility = {
								enabled = 1;
							};
						};
					};
				};
			};
			buildConfigurationList = A35 /* Build configuration list for PBXProject "iPhoneInfo" */;
			compatibilityVersion = "Xcode 14.0";
			developmentRegion = en;
			hasScannedForEncodings = 0;
			knownRegions = (
				en,
				Base,
			);
			mainGroup = A23;
			productRefGroup = A25 /* Products */;
			projectDirPath = "";
			projectRoot = "";
			targets = (
				A30 /* iPhoneInfo */,
			);
		};
/* End PBXProject section */

/* Begin PBXResourcesBuildPhase section */
		A33 /* Resources */ = {
			isa = PBXResourcesBuildPhase;
			buildActionMask = 2147483647;
			files = (
				A70 /* Assets.xcassets in Resources */,
			);
			runOnlyForDeploymentPostprocessing = 0;
		};
/* End PBXResourcesBuildPhase section */

/* Begin PBXSourcesBuildPhase section */
		A32 /* Sources */ = {
			isa = PBXSourcesBuildPhase;
			buildActionMask = 2147483647;
			files = (
				A1 /* iPhoneInfoApp.swift in Sources */,
				A3 /* ContentView.swift in Sources */,
				A5 /* DeviceModels.swift in Sources */,
				A7 /* DeviceInfoService.swift in Sources */,
				A9 /* HomeView.swift in Sources */,
				A11 /* BenchmarkView.swift in Sources */,
				A13 /* MonitorView.swift in Sources */,
				A15 /* CompareView.swift in Sources */,
				A17 /* SettingsView.swift in Sources */,
				A50 /* ExtendedDeviceInfo.swift in Sources */,
				A51 /* ExtendedDeviceDetailsService.swift in Sources */,
				A60 /* ThermalService.swift in Sources */,
				A61 /* PerformanceModeService.swift in Sources */,
				A62 /* DeviceDebugView.swift in Sources */,
				A63 /* BenchmarkService.swift in Sources */,
			);
			runOnlyForDeploymentPostprocessing = 0;
		};
/* End PBXSourcesBuildPhase section */

/* Begin XCBuildConfiguration section */
		A36 /* Debug */ = {
			isa = XCBuildConfiguration;
			buildSettings = {
				ALWAYS_SEARCH_USER_PATHS = NO;
				ASSETCATALOG_COMPILER_GENERATE_SWIFT_ASSET_SYMBOL_EXTENSIONS = YES;
				CLANG_ANALYZER_NONNULL = YES;
				CLANG_ANALYZER_NUMBER_OBJECT_CONVERSION = YES_AGGRESSIVE;
				CLANG_CXX_LANGUAGE_STANDARD = "gnu++20";
				CLANG_ENABLE_MODULES = YES;
				CLANG_ENABLE_OBJC_ARC = YES;
				CLANG_ENABLE_OBJC_WEAK = YES;
				CLANG_WARN_BLOCK_CAPTURE_AUTORELEASING = YES;
				CLANG_WARN_BOOL_CONVERSION = YES;
				CLANG_WARN_COMMA = YES;
				CLANG_WARN_CONSTANT_CONVERSION = YES;
				CLANG_WARN_DEPRECATED_OBJC_IMPLEMENTATIONS = YES;
				CLANG_WARN_DIRECT_OBJC_ISA_USAGE = YES_ERROR;
				CLANG_WARN_DOCUMENTATION_COMMENTS = YES;
				CLANG_WARN_EMPTY_BODY = YES;
				CLANG_WARN_ENUM_CONVERSION = YES;
				CLANG_WARN_INFINITE_RECURSION = YES;
				CLANG_WARN_INT_CONVERSION = YES;
				CLANG_WARN_NON_LITERAL_NULL_CONVERSION = YES;
				CLANG_WARN_OBJC_IMPLICIT_RETAIN_SELF = YES;
				CLANG_WARN_OBJC_LITERAL_CONVERSION = YES;
				CLANG_WARN_OBJC_ROOT_CLASS = YES_ERROR;
				CLANG_WARN_QUOTED_INCLUDE_IN_FRAMEWORK_HEADER = YES;
				CLANG_WARN_RANGE_LOOP_ANALYSIS = YES;
				CLANG_WARN_STRICT_PROTOTYPES = YES;
				CLANG_WARN_SUSPICIOUS_MOVE = YES;
				CLANG_WARN_UNGUARDED_AVAILABILITY = YES_AGGRESSIVE;
				CLANG_WARN_UNREACHABLE_CODE = YES;
				CLANG_WARN__DUPLICATE_METHOD_MATCH = YES;
				COPY_PHASE_STRIP = NO;
				DEBUG_INFORMATION_FORMAT = dwarf;
				ENABLE_STRICT_OBJC_MSGSEND = YES;
				ENABLE_TESTABILITY = YES;
				ENABLE_USER_SCRIPT_SANDBOXING = NO;
				GCC_C_LANGUAGE_STANDARD = gnu17;
				GCC_DYNAMIC_NO_PIC = NO;
				GCC_NO_COMMON_BLOCKS = YES;
				GCC_OPTIMIZATION_LEVEL = 0;
				GCC_PREPROCESSOR_DEFINITIONS = (
					"DEBUG=1",
					"$(inherited)",
				);
				GCC_WARN_64_TO_32_BIT_CONVERSION = YES;
				GCC_WARN_ABOUT_RETURN_TYPE = YES_ERROR;
				GCC_WARN_UNDECLARED_SELECTOR = YES;
				GCC_WARN_UNINITIALIZED_AUTOS = YES_AGGRESSIVE;
				GCC_WARN_UNUSED_FUNCTION = YES;
				GCC_WARN_UNUSED_VARIABLE = YES;
				IPHONEOS_DEPLOYMENT_TARGET = 26.0;
				LOCALIZATION_PREFERS_STRING_CATALOGS = YES;
				MTL_ENABLE_DEBUG_INFO = INCLUDE_SOURCE;
				MTL_FAST_MATH = YES;
				ONLY_ACTIVE_ARCH = YES;
				SDKROOT = iphoneos;
				SWIFT_ACTIVE_COMPILATION_CONDITIONS = "DEBUG $(inherited)";
				SWIFT_OPTIMIZATION_LEVEL = "-Onone";
			};
			name = Debug;
		};
		A37 /* Release */ = {
			isa = XCBuildConfiguration;
			buildSettings = {
				ALWAYS_SEARCH_USER_PATHS = NO;
				ASSETCATALOG_COMPILER_GENERATE_SWIFT_ASSET_SYMBOL_EXTENSIONS = YES;
				CLANG_ANALYZER_NONNULL = YES;
				CLANG_ANALYZER_NUMBER_OBJECT_CONVERSION = YES_AGGRESSIVE;
				CLANG_CXX_LANGUAGE_STANDARD = "gnu++20";
				CLANG_ENABLE_MODULES = YES;
				CLANG_ENABLE_OBJC_ARC = YES;
				CLANG_ENABLE_OBJC_WEAK = YES;
				CLANG_WARN_BLOCK_CAPTURE_AUTORELEASING = YES;
				CLANG_WARN_BOOL_CONVERSION = YES;
				CLANG_WARN_COMMA = YES;
				CLANG_WARN_CONSTANT_CONVERSION = YES;
				CLANG_WARN_DEPRECATED_OBJC_IMPLEMENTATIONS = YES;
				CLANG_WARN_DIRECT_OBJC_ISA_USAGE = YES_ERROR;
				CLANG_WARN_DOCUMENTATION_COMMENTS = YES;
				CLANG_WARN_EMPTY_BODY = YES;
				CLANG_WARN_ENUM_CONVERSION = YES;
				CLANG_WARN_INFINITE_RECURSION = YES;
				CLANG_WARN_INT_CONVERSION = YES;
				CLANG_WARN_NON_LITERAL_NULL_CONVERSION = YES;
				CLANG_WARN_OBJC_IMPLICIT_RETAIN_SELF = YES;
				CLANG_WARN_OBJC_LITERAL_CONVERSION = YES;
				CLANG_WARN_OBJC_ROOT_CLASS = YES_ERROR;
				CLANG_WARN_QUOTED_INCLUDE_IN_FRAMEWORK_HEADER = YES;
				CLANG_WARN_RANGE_LOOP_ANALYSIS = YES;
				CLANG_WARN_STRICT_PROTOTYPES = YES;
				CLANG_WARN_SUSPICIOUS_MOVE = YES;
				CLANG_WARN_UNGUARDED_AVAILABILITY = YES_AGGRESSIVE;
				CLANG_WARN_UNREACHABLE_CODE = YES;
				CLANG_WARN__DUPLICATE_METHOD_MATCH = YES;
				COPY_PHASE_STRIP = NO;
				DEBUG_INFORMATION_FORMAT = "dwarf-with-dsym";
				ENABLE_NS_ASSERTIONS = NO;
				ENABLE_STRICT_OBJC_MSGSEND = YES;
				ENABLE_USER_SCRIPT_SANDBOXING = NO;
				GCC_C_LANGUAGE_STANDARD = gnu17;
				GCC_NO_COMMON_BLOCKS = YES;
				GCC_WARN_64_TO_32_BIT_CONVERSION = YES;
				GCC_WARN_ABOUT_RETURN_TYPE = YES_ERROR;
				GCC_WARN_UNDECLARED_SELECTOR = YES;
				GCC_WARN_UNINITIALIZED_AUTOS = YES_AGGRESSIVE;
				GCC_WARN_UNUSED_FUNCTION = YES;
				GCC_WARN_UNUSED_VARIABLE = YES;
				IPHONEOS_DEPLOYMENT_TARGET = 26.0;
				LOCALIZATION_PREFERS_STRING_CATALOGS = YES;
				MTL_ENABLE_DEBUG_INFO = NO;
				MTL_FAST_MATH = YES;
				SDKROOT = iphoneos;
				SWIFT_COMPILATION_MODE = wholemodule;
				VALIDATE_PRODUCT = YES;
			};
			name = Release;
		};
		A38 /* Debug */ = {
			isa = XCBuildConfiguration;
			buildSettings = {
				ASSETCATALOG_COMPILER_APPICON_NAME = AppIcon;
				ASSETCATALOG_COMPILER_GLOBAL_ACCENT_COLOR_NAME = AccentColor;
				CODE_SIGN_IDENTITY = "Apple Development";
				CODE_SIGN_STYLE = Automatic;
				DEVELOPMENT_TEAM = 8UJ769B75J;
				GENERATE_INFOPLIST_FILE = NO;
				INFOPLIST_FILE = iPhoneInfo/Info.plist;
				INFOPLIST_KEY_UIApplicationSupportsIndirectInputEvents = YES;
				INFOPLIST_KEY_UILaunchStoryboardName = "";
				INFOPLIST_KEY_UISupportedInterfaceOrientations = "UIInterfaceOrientationPortrait UIInterfaceOrientationLandscapeLeft UIInterfaceOrientationLandscapeRight";
				INFOPLIST_KEY_UISupportedInterfaceOrientations_iPad = "UIInterfaceOrientationPortrait UIInterfaceOrientationPortraitUpsideDown UIInterfaceOrientationLandscapeLeft UIInterfaceOrientationLandscapeRight";
				LD_RUNPATH_SEARCH_PATHS = (
					"$(inherited)",
					"@executable_path/Frameworks",
				);
				MARKETING_VERSION = 1.0;
				PRODUCT_BUNDLE_IDENTIFIER = com.iphoneinfo.benchmark;
				PRODUCT_NAME = "$(TARGET_NAME)";
				PROVISIONING_PROFILE_SPECIFIER = "";
				SDKROOT = iphoneos;
				SUPPORTED_PLATFORMS = "iphoneos iphonesimulator";
				SUPPORTS_MACCATALYST = NO;
				SUPPORTS_MAC_DESIGNED_FOR_MAC_IPAD_NO = NO;
				SWIFT_EMIT_LOC_STRINGS = YES;
				SWIFT_VERSION = 5.0;
				TARGETED_DEVICE_FAMILY = "1,2";
			};
			name = Debug;
		};
		A39 /* Release */ = {
			isa = XCBuildConfiguration;
			buildSettings = {
				ASSETCATALOG_COMPILER_APPICON_NAME = AppIcon;
				ASSETCATALOG_COMPILER_GLOBAL_ACCENT_COLOR_NAME = AccentColor;
				CODE_SIGN_IDENTITY = "Apple Development";
				CODE_SIGN_STYLE = Automatic;
				DEVELOPMENT_TEAM = 8UJ769B75J;
				GENERATE_INFOPLIST_FILE = NO;
				INFOPLIST_FILE = iPhoneInfo/Info.plist;
				INFOPLIST_KEY_UIApplicationSupportsIndirectInputEvents = YES;
				INFOPLIST_KEY_UILaunchStoryboardName = "";
				INFOPLIST_KEY_UISupportedInterfaceOrientations = "UIInterfaceOrientationPortrait UIInterfaceOrientationLandscapeLeft UIInterfaceOrientationLandscapeRight";
				INFOPLIST_KEY_UISupportedInterfaceOrientations_iPad = "UIInterfaceOrientationPortrait UIInterfaceOrientationPortraitUpsideDown UIInterfaceOrientationLandscapeLeft UIInterfaceOrientationLandscapeRight";
				LD_RUNPATH_SEARCH_PATHS = (
					"$(inherited)",
					"@executable_path/Frameworks",
				);
				MARKETING_VERSION = 1.0;
				PRODUCT_BUNDLE_IDENTIFIER = com.iphoneinfo.benchmark;
				PRODUCT_NAME = "$(TARGET_NAME)";
				PROVISIONING_PROFILE_SPECIFIER = "";
				SDKROOT = iphoneos;
				SUPPORTED_PLATFORMS = "iphoneos iphonesimulator";
				SUPPORTS_MACCATALYST = NO;
				SUPPORTS_MAC_DESIGNED_FOR_MAC_IPAD_NO = NO;
				SWIFT_EMIT_LOC_STRINGS = YES;
				SWIFT_VERSION = 5.0;
				TARGETED_DEVICE_FAMILY = "1,2";
			};
			name = Release;
		};
/* End XCBuildConfiguration section */

/* Begin XCConfigurationList section */
		A31 /* Build configuration list for PBXNativeTarget "iPhoneInfo" */ = {
			isa = XCConfigurationList;
			buildConfigurations = (
				A38 /* Debug */,
				A39 /* Release */,
			);
			defaultConfigurationIsVisible = 0;
			defaultConfigurationName = Release;
		};
		A35 /* Build configuration list for PBXProject "iPhoneInfo" */ = {
			isa = XCConfigurationList;
			buildConfigurations = (
				A36 /* Debug */,
				A37 /* Release */,
			);
			defaultConfigurationIsVisible = 0;
			defaultConfigurationName = Release;
		};
/* End XCConfigurationList section */
	};
	rootObject = A34 /* Project object */;
}
